{
  "name": "warframe-build-calculator",
  "version": "0.0.0",
  "lockfileVersion": 3,
  "requires": true,
  "packages": {
    "": {
      "name": "warframe-build-calculator",
      "version": "0.0.0",
      "dependencies": {
        "@wfcd/items": "^1.1274.56"
      }
    },
    "node_modules/@wfcd/items": {
      "version": "1.1274.56",
      "resolved": "https://registry.npmjs.org/@wfcd/items/-/items-1.1274.56.tgz",
      "integrity": "sha512-hw/xpZYZd+ZYWy3e07IbSR/B5svcfv7Da81C583qjC7Q3r7ADbvRN74HSuOOOdWIOCNm5BdRgGFuZA7Ix5vjMg==",
      "license": "MIT",
      "peerDependencies": {
        "warframe-worldstate-data": "^3.0.0"
      }
    },
    "node_modules/warframe-worldstate-data": {
      "version": "3.16.1",
      "resolved": "https://registry.npmjs.org/warframe-worldstate-data/-/warframe-worldstate-data-3.16.1.tgz",
      "integrity": "sha512-R+A2iPTDre/+APYCXLSG03/9c2iMtGNF3Zf5Ki/wb71a9pt1DfbWvFqP4Som9b9iHn7sPZaEaWDCOwxrCqkkrA==",
      "license": "MIT",
      "peer": true,
      "engines": {
        "node": ">=22"
      }
    }
  }
}
